
Microsoft Visual Studio Solution File, Format Version 12.00
# Visual Studio Version 17
VisualStudioVersion = 17.5.33530.505
MinimumVisualStudioVersion = 10.0.40219.1
Project("{9A19103F-16F7-4668-BE54-9A1E7A4F7556}") = "GraphQL.NET", "GraphQL.NET\GraphQL.NET.csproj", "{DC4708BB-FFA6-4DE1-92CD-923AC30782E2}"
EndProject
Project("{9A19103F-16F7-4668-BE54-9A1E7A4F7556}") = "SpecFlowRestSharpTest", "SpecFlowRestSharpTest\SpecFlowRestSharpTest\SpecFlowRestSharpTest.csproj", "{11991EBB-9A9F-448C-8D57-47132DC4CAFD}"
	ProjectSection(ProjectDependencies) = postProject
		{DC4708BB-FFA6-4DE1-92CD-923AC30782E2} = {DC4708BB-FFA6-4DE1-92CD-923AC30782E2}
	EndProjectSection
EndProject
Global
	GlobalSection(SolutionConfigurationPlatforms) = preSolution
		Debug|Any CPU = Debug|Any CPU
		Release|Any CPU = Release|Any CPU
	EndGlobalSection
	GlobalSection(ProjectConfigurationPlatforms) = postSolution
		{DC4708BB-FFA6-4DE1-92CD-923AC30782E2}.Debug|Any CPU.ActiveCfg = Debug|Any CPU
		{DC4708BB-FFA6-4DE1-92CD-923AC30782E2}.Debug|Any CPU.Build.0 = Debug|Any CPU
		{DC4708BB-FFA6-4DE1-92CD-923AC30782E2}.Release|Any CPU.ActiveCfg = Release|Any CPU
		{DC4708BB-FFA6-4DE1-92CD-923AC30782E2}.Release|Any CPU.Build.0 = Release|Any CPU
		{11991EBB-9A9F-448C-8D57-47132DC4CAFD}.Debug|Any CPU.ActiveCfg = Debug|Any CPU
		{11991EBB-9A9F-448C-8D57-47132DC4CAFD}.Debug|Any CPU.Build.0 = Debug|Any CPU
		{11991EBB-9A9F-448C-8D57-47132DC4CAFD}.Release|Any CPU.ActiveCfg = Release|Any CPU
		{11991EBB-9A9F-448C-8D57-47132DC4CAFD}.Release|Any CPU.Build.0 = Release|Any CPU
	EndGlobalSection
	GlobalSection(SolutionProperties) = preSolution
		HideSolutionNode = FALSE
	EndGlobalSection
	GlobalSection(ExtensibilityGlobals) = postSolution
		SolutionGuid = {AC1F9DF5-828C-412D-AFDC-901639523D9A}
	EndGlobalSection
EndGlobal
